// !$*UTF8*$!
{
	archiveVersion = 1;
	classes = {
	};
	objectVersion = 50;
	objects = {

/* Begin PBXBuildFile section */
		921A3F982712E404006F17B3 /* Tests_iOS.swift in Sources */ = {isa = PBXBuildFile; fileRef = 921A3F972712E404006F17B3 /* Tests_iOS.swift */; };
		921A3FA32712E404006F17B3 /* Tests_macOS.swift in Sources */ = {isa = PBXBuildFile; fileRef = 921A3FA22712E404006F17B3 /* Tests_macOS.swift */; };
		921A3FA52712E404006F17B3 /* timeschedulertestApp.swift in Sources */ = {isa = PBXBuildFile; fileRef = 921A3F7C2712E402006F17B3 /* timeschedulertestApp.swift */; };
		921A3FA62712E404006F17B3 /* timeschedulertestApp.swift in Sources */ = {isa = PBXBuildFile; fileRef = 921A3F7C2712E402006F17B3 /* timeschedulertestApp.swift */; };
		921A3FA72712E404006F17B3 /* ContentView.swift in Sources */ = {isa = PBXBuildFile; fileRef = 921A3F7D2712E402006F17B3 /* ContentView.swift */; };
		921A3FA82712E404006F17B3 /* ContentView.swift in Sources */ = {isa = PBXBuildFile; fileRef = 921A3F7D2712E402006F17B3 /* ContentView.swift */; };
		921A3FA92712E404006F17B3 /* Assets.xcassets in Resources */ = {isa = PBXBuildFile; fileRef = 921A3F7E2712E404006F17B3 /* Assets.xcassets */; };
		921A3FAA2712E404006F17B3 /* Assets.xcassets in Resources */ = {isa = PBXBuildFile; fileRef = 921A3F7E2712E404006F17B3 /* Assets.xcassets */; };
/* End PBXBuildFile section */

/* Begin PBXContainerItemProxy section */
		921A3F942712E404006F17B3 /* PBXContainerItemProxy */ = {
			isa = PBXContainerItemProxy;
			containerPortal = 921A3F772712E402006F17B3 /* Project object */;
			proxyType = 1;
			remoteGlobalIDString = 921A3F822712E404006F17B3;
			remoteInfo = "timeschedulertest (iOS)";
		};
		921A3F9F2712E404006F17B3 /* PBXContainerItemProxy */ = {
			isa = PBXContainerItemProxy;
			containerPortal = 921A3F772712E402006F17B3 /* Project object */;
			proxyType = 1;
			remoteGlobalIDString = 921A3F8A2712E404006F17B3;
			remoteInfo = "timeschedulertest (macOS)";
		};
/* End PBXContainerItemProxy section */

/* Begin PBXFileReference section */
		921A3F7C2712E402006F17B3 /* timeschedulertestApp.swift */ = {isa = PBXFileReference; lastKnownFileType = sourcecode.swift; path = timeschedulertestApp.swift; sourceTree = "<group>"; };
		921A3F7D2712E402006F17B3 /* ContentView.swift */ = {isa = PBXFileReference; lastKnownFileType = sourcecode.swift; path = ContentView.swift; sourceTree = "<group>"; };
		921A3F7E2712E404006F17B3 /* Assets.xcassets */ = {isa = PBXFileReference; lastKnownFileType = folder.assetcatalog; path = Assets.xcassets; sourceTree = "<group>"; };
		921A3F832712E404006F17B3 /* timeschedulertest.app */ = {isa = PBXFileReference; explicitFileType = wrapper.application; includeInIndex = 0; path = timeschedulertest.app; sourceTree = BUILT_PRODUCTS_DIR; };
		921A3F862712E404006F17B3 /* Info.plist */ = {isa = PBXFileReference; lastKnownFileType = text.plist.xml; path = Info.plist; sourceTree = "<group>"; };
		921A3F8B2712E404006F17B3 /* timeschedulertest.app */ = {isa = PBXFileReference; explicitFileType = wrapper.application; includeInIndex = 0; path = timeschedulertest.app; sourceTree = BUILT_PRODUCTS_DIR; };
		921A3F8D2712E404006F17B3 /* Info.plist */ = {isa = PBXFileReference; lastKnownFileType = text.plist.xml; path = Info.plist; sourceTree = "<group>"; };
		921A3F8E2712E404006F17B3 /* macOS.entitlements */ = {isa = PBXFileReference; lastKnownFileType = text.plist.entitlements; path = macOS.entitlements; sourceTree = "<group>"; };
		921A3F932712E404006F17B3 /* Tests iOS.xctest */ = {isa = PBXFileReference; explicitFileType = wrapper.cfbundle; includeInIndex = 0; path = "Tests iOS.xctest"; sourceTree = BUILT_PRODUCTS_DIR; };
		921A3F972712E404006F17B3 /* Tests_iOS.swift */ = {isa = PBXFileReference; lastKnownFileType = sourcecode.swift; path = Tests_iOS.swift; sourceTree = "<group>"; };
		921A3F992712E404006F17B3 /* Info.plist */ = {isa = PBXFileReference; lastKnownFileType = text.plist.xml; path = Info.plist; sourceTree = "<group>"; };
		921A3F9E2712E404006F17B3 /* Tests macOS.xctest */ = {isa = PBXFileReference; explicitFileType = wrapper.cfbundle; includeInIndex = 0; path = "Tests macOS.xctest"; sourceTree = BUILT_PRODUCTS_DIR; };
		921A3FA22712E404006F17B3 /* Tests_macOS.swift */ = {isa = PBXFileReference; lastKnownFileType = sourcecode.swift; path = Tests_macOS.swift; sourceTree = "<group>"; };
		921A3FA42712E404006F17B3 /* Info.plist */ = {isa = PBXFileReference; lastKnownFileType = text.plist.xml; path = Info.plist; sourceTree = "<group>"; };
/* End PBXFileReference section */

/* Begin PBXFrameworksBuildPhase section */
		921A3F802712E404006F17B3 /* Frameworks */ = {
			isa = PBXFrameworksBuildPhase;
			buildActionMask = 2147483647;
			files = (
			);
			runOnlyForDeploymentPostprocessing = 0;
		};
		921A3F882712E404006F17B3 /* Frameworks */ = {
			isa = PBXFrameworksBuildPhase;
			buildActionMask = 2147483647;
			files = (
			);
			runOnlyForDeploymentPostprocessing = 0;
		};
		921A3F902712E404006F17B3 /* Frameworks */ = {
			isa = PBXFrameworksBuildPhase;
			buildActionMask = 2147483647;
			files = (
			);
			runOnlyForDeploymentPostprocessing = 0;
		};
		921A3F9B2712E404006F17B3 /* Frameworks */ = {
			isa = PBXFrameworksBuildPhase;
			buildActionMask = 2147483647;
			files = (
			);
			runOnlyForDeploymentPostprocessing = 0;
		};
/* End PBXFrameworksBuildPhase section */

/* Begin PBXGroup section */
		921A3F762712E402006F17B3 = {
			isa = PBXGroup;
			children = (
				921A3F7B2712E402006F17B3 /* Shared */,
				921A3F852712E404006F17B3 /* iOS */,
				921A3F8C2712E404006F17B3 /* macOS */,
				921A3F962712E404006F17B3 /* Tests iOS */,
				921A3FA12712E404006F17B3 /* Tests macOS */,
				921A3F842712E404006F17B3 /* Products */,
			);
			sourceTree = "<group>";
		};
		921A3F7B2712E402006F17B3 /* Shared */ = {
			isa = PBXGroup;
			children = (
				921A3F7C2712E402006F17B3 /* timeschedulertestApp.swift */,
				921A3F7D2712E402006F17B3 /* ContentView.swift */,
				921A3F7E2712E404006F17B3 /* Assets.xcassets */,
			);
			path = Shared;
			sourceTree = "<group>";
		};
		921A3F842712E404006F17B3 /* Products */ = {
			isa = PBXGroup;
			children = (
				921A3F832712E404006F17B3 /* timeschedulertest.app */,
				921A3F8B2712E404006F17B3 /* timeschedulertest.app */,
				921A3F932712E404006F17B3 /* Tests iOS.xctest */,
				921A3F9E2712E404006F17B3 /* Tests macOS.xctest */,
			);
			name = Products;
			sourceTree = "<group>";
		};
		921A3F852712E404006F17B3 /* iOS */ = {
			isa = PBXGroup;
			children = (
				921A3F862712E404006F17B3 /* Info.plist */,
			);
			path = iOS;
			sourceTree = "<group>";
		};
		921A3F8C2712E404006F17B3 /* macOS */ = {
			isa = PBXGroup;
			children = (
				921A3F8D2712E404006F17B3 /* Info.plist */,
				921A3F8E2712E404006F17B3 /* macOS.entitlements */,
			);
			path = macOS;
			sourceTree = "<group>";
		};
		921A3F962712E404006F17B3 /* Tests iOS */ = {
			isa = PBXGroup;
			children = (
				921A3F972712E404006F17B3 /* Tests_iOS.swift */,
				921A3F992712E404006F17B3 /* Info.plist */,
			);
			path = "Tests iOS";
			sourceTree = "<group>";
		};
		921A3FA12712E404006F17B3 /* Tests macOS */ = {
			isa = PBXGroup;
			children = (
				921A3FA22712E404006F17B3 /* Tests_macOS.swift */,
				921A3FA42712E404006F17B3 /* Info.plist */,
			);
			path = "Tests macOS";
			sourceTree = "<group>";
		};
/* End PBXGroup section */

/* Begin PBXNativeTarget section */
		921A3F822712E404006F17B3 /* timeschedulertest (iOS) */ = {
			isa = PBXNativeTarget;
			buildConfigurationList = 921A3FAD2712E404006F17B3 /* Build configuration list for PBXNativeTarget "timeschedulertest (iOS)" */;
			buildPhases = (
				921A3F7F2712E404006F17B3 /* Sources */,
				921A3F802712E404006F17B3 /* Frameworks */,
				921A3F812712E404006F17B3 /* Resources */,
			);
			buildRules = (
			);
			dependencies = (
			);
			name = "timeschedulertest (iOS)";
			productName = "timeschedulertest (iOS)";
			productReference = 921A3F832712E404006F17B3 /* timeschedulertest.app */;
			productType = "com.apple.product-type.application";
		};
		921A3F8A2712E404006F17B3 /* timeschedulertest (macOS) */ = {
			isa = PBXNativeTarget;
			buildConfigurationList = 921A3FB02712E404006F17B3 /* Build configuration list for PBXNativeTarget "timeschedulertest (macOS)" */;
			buildPhases = (
				921A3F872712E404006F17B3 /* Sources */,
				921A3F882712E404006F17B3 /* Frameworks */,
				921A3F892712E404006F17B3 /* Resources */,
			);
			buildRules = (
			);
			dependencies = (
			);
			name = "timeschedulertest (macOS)";
			productName = "timeschedulertest (macOS)";
			productReference = 921A3F8B2712E404006F17B3 /* timeschedulertest.app */;
			productType = "com.apple.product-type.application";
		};
		921A3F922712E404006F17B3 /* Tests iOS */ = {
			isa = PBXNativeTarget;
			buildConfigurationList = 921A3FB32712E404006F17B3 /* Build configuration list for PBXNativeTarget "Tests iOS" */;
			buildPhases = (
				921A3F8F2712E404006F17B3 /* Sources */,
				921A3F902712E404006F17B3 /* Frameworks */,
				921A3F912712E404006F17B3 /* Resources */,
			);
			buildRules = (
			);
			dependencies = (
				921A3F952712E404006F17B3 /* PBXTargetDependency */,
			);
			name = "Tests iOS";
			productName = "Tests iOS";
			productReference = 921A3F932712E404006F17B3 /* Tests iOS.xctest */;
			productType = "com.apple.product-type.bundle.ui-testing";
		};
		921A3F9D2712E404006F17B3 /* Tests macOS */ = {
			isa = PBXNativeTarget;
			buildConfigurationList = 921A3FB62712E404006F17B3 /* Build configuration list for PBXNativeTarget "Tests macOS" */;
			buildPhases = (
				921A3F9A2712E404006F17B3 /* Sources */,
				921A3F9B2712E404006F17B3 /* Frameworks */,
				921A3F9C2712E404006F17B3 /* Resources */,
			);
			buildRules = (
			);
			dependencies = (
				921A3FA02712E404006F17B3 /* PBXTargetDependency */,
			);
			name = "Tests macOS";
			productName = "Tests macOS";
			productReference = 921A3F9E2712E404006F17B3 /* Tests macOS.xctest */;
			productType = "com.apple.product-type.bundle.ui-testing";
		};
/* End PBXNativeTarget section */

/* Begin PBXProject section */
		921A3F772712E402006F17B3 /* Project object */ = {
			isa = PBXProject;
			attributes = {
				LastSwiftUpdateCheck = 1250;
				LastUpgradeCheck = 1250;
				TargetAttributes = {
					921A3F822712E404006F17B3 = {
						CreatedOnToolsVersion = 12.5.1;
					};
					921A3F8A2712E404006F17B3 = {
						CreatedOnToolsVersion = 12.5.1;
					};
					921A3F922712E404006F17B3 = {
						CreatedOnToolsVersion = 12.5.1;
						TestTargetID = 921A3F822712E404006F17B3;
					};
					921A3F9D2712E404006F17B3 = {
						CreatedOnToolsVersion = 12.5.1;
						TestTargetID = 921A3F8A2712E404006F17B3;
					};
				};
			};
			buildConfigurationList = 921A3F7A2712E402006F17B3 /* Build configuration list for PBXProject "timeschedulertest" */;
			compatibilityVersion = "Xcode 9.3";
			developmentRegion = en;
			hasScannedForEncodings = 0;
			knownRegions = (
				en,
				Base,
			);
			mainGroup = 921A3F762712E402006F17B3;
			productRefGroup = 921A3F842712E404006F17B3 /* Products */;
			projectDirPath = "";
			projectRoot = "";
			targets = (
				921A3F822712E404006F17B3 /* timeschedulertest (iOS) */,
				921A3F8A2712E404006F17B3 /* timeschedulertest (macOS) */,
				921A3F922712E404006F17B3 /* Tests iOS */,
				921A3F9D2712E404006F17B3 /* Tests macOS */,
			);
		};
/* End PBXProject section */

/* Begin PBXResourcesBuildPhase section */
		921A3F812712E404006F17B3 /* Resources */ = {
			isa = PBXResourcesBuildPhase;
			buildActionMask = 2147483647;
			files = (
				921A3FA92712E404006F17B3 /* Assets.xcassets in Resources */,
			);
			runOnlyForDeploymentPostprocessing = 0;
		};
		921A3F892712E404006F17B3 /* Resources */ = {
			isa = PBXResourcesBuildPhase;
			buildActionMask = 2147483647;
			files = (
				921A3FAA2712E404006F17B3 /* Assets.xcassets in Resources */,
			);
			runOnlyForDeploymentPostprocessing = 0;
		};
		921A3F912712E404006F17B3 /* Resources */ = {
			isa = PBXResourcesBuildPhase;
			buildActionMask = 2147483647;
			files = (
			);
			runOnlyForDeploymentPostprocessing = 0;
		};
		921A3F9C2712E404006F17B3 /* Resources */ = {
			isa = PBXResourcesBuildPhase;
			buildActionMask = 2147483647;
			files = (
			);
			runOnlyForDeploymentPostprocessing = 0;
		};
/* End PBXResourcesBuildPhase section */

/* Begin PBXSourcesBuildPhase section */
		921A3F7F2712E404006F17B3 /* Sources */ = {
			isa = PBXSourcesBuildPhase;
			buildActionMask = 2147483647;
			files = (
				921A3FA72712E404006F17B3 /* ContentView.swift in Sources */,
				921A3FA52712E404006F17B3 /* timeschedulertestApp.swift in Sources */,
			);
			runOnlyForDeploymentPostprocessing = 0;
		};
		921A3F872712E404006F17B3 /* Sources */ = {
			isa = PBXSourcesBuildPhase;
			buildActionMask = 2147483647;
			files = (
				921A3FA82712E404006F17B3 /* ContentView.swift in Sources */,
				921A3FA62712E404006F17B3 /* timeschedulertestApp.swift in Sources */,
			);
			runOnlyForDeploymentPostprocessing = 0;
		};
		921A3F8F2712E404006F17B3 /* Sources */ = {
			isa = PBXSourcesBuildPhase;
			buildActionMask = 2147483647;
			files = (
				921A3F982712E404006F17B3 /* Tests_iOS.swift in Sources */,
			);
			runOnlyForDeploymentPostprocessing = 0;
		};
		921A3F9A2712E404006F17B3 /* Sources */ = {
			isa = PBXSourcesBuildPhase;
			buildActionMask = 2147483647;
			files = (
				921A3FA32712E404006F17B3 /* Tests_macOS.swift in Sources */,
			);
			runOnlyForDeploymentPostprocessing = 0;
		};
/* End PBXSourcesBuildPhase section */

/* Begin PBXTargetDependency section */
		921A3F952712E404006F17B3 /* PBXTargetDependency */ = {
			isa = PBXTargetDependency;
			target = 921A3F822712E404006F17B3 /* timeschedulertest (iOS) */;
			targetProxy = 921A3F942712E404006F17B3 /* PBXContainerItemProxy */;
		};
		921A3FA02712E404006F17B3 /* PBXTargetDependency */ = {
			isa = PBXTargetDependency;
			target = 921A3F8A2712E404006F17B3 /* timeschedulertest (macOS) */;
			targetProxy = 921A3F9F2712E404006F17B3 /* PBXContainerItemProxy */;
		};
/* End PBXTargetDependency section */

/* Begin XCBuildConfiguration section */
		921A3FAB2712E404006F17B3 /* Debug */ = {
			isa = XCBuildConfiguration;
			buildSettings = {
				ALWAYS_SEARCH_USER_PATHS = NO;
				CLANG_ANALYZER_NONNULL = YES;
				CLANG_ANALYZER_NUMBER_OBJECT_CONVERSION = YES_AGGRESSIVE;
				CLANG_CXX_LANGUAGE_STANDARD = "gnu++14";
				CLANG_CXX_LIBRARY = "libc++";
				CLANG_ENABLE_MODULES = YES;
				CLANG_ENABLE_OBJC_ARC = YES;
				CLANG_ENABLE_OBJC_WEAK = YES;
				CLANG_WARN_BLOCK_CAPTURE_AUTORELEASING = YES;
				CLANG_WARN_BOOL_CONVERSION = YES;
				CLANG_WARN_COMMA = YES;
				CLANG_WARN_CONSTANT_CONVERSION = YES;
				CLANG_WARN_DEPRECATED_OBJC_IMPLEMENTATIONS = YES;
				CLANG_WARN_DIRECT_OBJC_ISA_USAGE = YES_ERROR;
				CLANG_WARN_DOCUMENTATION_COMMENTS = YES;
				CLANG_WARN_EMPTY_BODY = YES;
				CLANG_WARN_ENUM_CONVERSION = YES;
				CLANG_WARN_INFINITE_RECURSION = YES;
				CLANG_WARN_INT_CONVERSION = YES;
				CLANG_WARN_NON_LITERAL_NULL_CONVERSION = YES;
				CLANG_WARN_OBJC_IMPLICIT_RETAIN_SELF = YES;
				CLANG_WARN_OBJC_LITERAL_CONVERSION = YES;
				CLANG_WARN_OBJC_ROOT_CLASS = YES_ERROR;
				CLANG_WARN_QUOTED_INCLUDE_IN_FRAMEWORK_HEADER = YES;
				CLANG_WARN_RANGE_LOOP_ANALYSIS = YES;
				CLANG_WARN_STRICT_PROTOTYPES = YES;
				CLANG_WARN_SUSPICIOUS_MOVE = YES;
				CLANG_WARN_UNGUARDED_AVAILABILITY = YES_AGGRESSIVE;
				CLANG_WARN_UNREACHABLE_CODE = YES;
				CLANG_WARN__DUPLICATE_METHOD_MATCH = YES;
				COPY_PHASE_STRIP = NO;
				DEBUG_INFORMATION_FORMAT = dwarf;
				ENABLE_STRICT_OBJC_MSGSEND = YES;
				ENABLE_TESTABILITY = YES;
				GCC_C_LANGUAGE_STANDARD = gnu11;
				GCC_DYNAMIC_NO_PIC = NO;
				GCC_NO_COMMON_BLOCKS = YES;
				GCC_OPTIMIZATION_LEVEL = 0;
				GCC_PREPROCESSOR_DEFINITIONS = (
					"DEBUG=1",
					"$(inherited)",
				);
				GCC_WARN_64_TO_32_BIT_CONVERSION = YES;
				GCC_WARN_ABOUT_RETURN_TYPE = YES_ERROR;
				GCC_WARN_UNDECLARED_SELECTOR = YES;
				GCC_WARN_UNINITIALIZED_AUTOS = YES_AGGRESSIVE;
				GCC_WARN_UNUSED_FUNCTION = YES;
				GCC_WARN_UNUSED_VARIABLE = YES;
				MTL_ENABLE_DEBUG_INFO = INCLUDE_SOURCE;
				MTL_FAST_MATH = YES;
				ONLY_ACTIVE_ARCH = YES;
				SWIFT_ACTIVE_COMPILATION_CONDITIONS = DEBUG;
				SWIFT_OPTIMIZATION_LEVEL = "-Onone";
			};
			name = Debug;
		};
		921A3FAC2712E404006F17B3 /* Release */ = {
			isa = XCBuildConfiguration;
			buildSettings = {
				ALWAYS_SEARCH_USER_PATHS = NO;
				CLANG_ANALYZER_NONNULL = YES;
				CLANG_ANALYZER_NUMBER_OBJECT_CONVERSION = YES_AGGRESSIVE;
				CLANG_CXX_LANGUAGE_STANDARD = "gnu++14";
				CLANG_CXX_LIBRARY = "libc++";
				CLANG_ENABLE_MODULES = YES;
				CLANG_ENABLE_OBJC_ARC = YES;
				CLANG_ENABLE_OBJC_WEAK = YES;
				CLANG_WARN_BLOCK_CAPTURE_AUTORELEASING = YES;
				CLANG_WARN_BOOL_CONVERSION = YES;
				CLANG_WARN_COMMA = YES;
				CLANG_WARN_CONSTANT_CONVERSION = YES;
				CLANG_WARN_DEPRECATED_OBJC_IMPLEMENTATIONS = YES;
				CLANG_WARN_DIRECT_OBJC_ISA_USAGE = YES_ERROR;
				CLANG_WARN_DOCUMENTATION_COMMENTS = YES;
				CLANG_WARN_EMPTY_BODY = YES;
				CLANG_WARN_ENUM_CONVERSION = YES;
				CLANG_WARN_INFINITE_RECURSION = YES;
				CLANG_WARN_INT_CONVERSION = YES;
				CLANG_WARN_NON_LITERAL_NULL_CONVERSION = YES;
				CLANG_WARN_OBJC_IMPLICIT_RETAIN_SELF = YES;
				CLANG_WARN_OBJC_LITERAL_CONVERSION = YES;
				CLANG_WARN_OBJC_ROOT_CLASS = YES_ERROR;
				CLANG_WARN_QUOTED_INCLUDE_IN_FRAMEWORK_HEADER = YES;
				CLANG_WARN_RANGE_LOOP_ANALYSIS = YES;
				CLANG_WARN_STRICT_PROTOTYPES = YES;
				CLANG_WARN_SUSPICIOUS_MOVE = YES;
				CLANG_WARN_UNGUARDED_AVAILABILITY = YES_AGGRESSIVE;
				CLANG_WARN_UNREACHABLE_CODE = YES;
				CLANG_WARN__DUPLICATE_METHOD_MATCH = YES;
				COPY_PHASE_STRIP = NO;
				DEBUG_INFORMATION_FORMAT = "dwarf-with-dsym";
				ENABLE_NS_ASSERTIONS = NO;
				ENABLE_STRICT_OBJC_MSGSEND = YES;
				GCC_C_LANGUAGE_STANDARD = gnu11;
				GCC_NO_COMMON_BLOCKS = YES;
				GCC_WARN_64_TO_32_BIT_CONVERSION = YES;
				GCC_WARN_ABOUT_RETURN_TYPE = YES_ERROR;
				GCC_WARN_UNDECLARED_SELECTOR = YES;
				GCC_WARN_UNINITIALIZED_AUTOS = YES_AGGRESSIVE;
				GCC_WARN_UNUSED_FUNCTION = YES;
				GCC_WARN_UNUSED_VARIABLE = YES;
				MTL_ENABLE_DEBUG_INFO = NO;
				MTL_FAST_MATH = YES;
				SWIFT_COMPILATION_MODE = wholemodule;
				SWIFT_OPTIMIZATION_LEVEL = "-O";
			};
			name = Release;
		};
		921A3FAE2712E404006F17B3 /* Debug */ = {
			isa = XCBuildConfiguration;
			buildSettings = {
				ASSETCATALOG_COMPILER_APPICON_NAME = AppIcon;
				ASSETCATALOG_COMPILER_GLOBAL_ACCENT_COLOR_NAME = AccentColor;
				CODE_SIGN_STYLE = Automatic;
				ENABLE_PREVIEWS = YES;
				INFOPLIST_FILE = iOS/Info.plist;
				IPHONEOS_DEPLOYMENT_TARGET = 14.0;
				LD_RUNPATH_SEARCH_PATHS = (
					"$(inherited)",
					"@executable_path/Frameworks",
				);
				PRODUCT_BUNDLE_IDENTIFIER = com.swordroot.timeschedulertest;
				PRODUCT_NAME = timeschedulertest;
				SDKROOT = iphoneos;
				SWIFT_VERSION = 5.0;
				TARGETED_DEVICE_FAMILY = "1,2";
			};
			name = Debug;
		};
		921A3FAF2712E404006F17B3 /* Release */ = {
			isa = XCBuildConfiguration;
			buildSettings = {
				ASSETCATALOG_COMPILER_APPICON_NAME = AppIcon;
				ASSETCATALOG_COMPILER_GLOBAL_ACCENT_COLOR_NAME = AccentColor;
				CODE_SIGN_STYLE = Automatic;
				ENABLE_PREVIEWS = YES;
				INFOPLIST_FILE = iOS/Info.plist;
				IPHONEOS_DEPLOYMENT_TARGET = 14.0;
				LD_RUNPATH_SEARCH_PATHS = (
					"$(inherited)",
					"@executable_path/Frameworks",
				);
				PRODUCT_BUNDLE_IDENTIFIER = com.swordroot.timeschedulertest;
				PRODUCT_NAME = timeschedulertest;
				SDKROOT = iphoneos;
				SWIFT_VERSION = 5.0;
				TARGETED_DEVICE_FAMILY = "1,2";
				VALIDATE_PRODUCT = YES;
			};
			name = Release;
		};
		921A3FB12712E404006F17B3 /* Debug */ = {
			isa = XCBuildConfiguration;
			buildSettings = {
				ASSETCATALOG_COMPILER_APPICON_NAME = AppIcon;
				ASSETCATALOG_COMPILER_GLOBAL_ACCENT_COLOR_NAME = AccentColor;
				CODE_SIGN_ENTITLEMENTS = macOS/macOS.entitlements;
				CODE_SIGN_STYLE = Automatic;
				COMBINE_HIDPI_IMAGES = YES;
				ENABLE_PREVIEWS = YES;
				INFOPLIST_FILE = macOS/Info.plist;
				LD_RUNPATH_SEARCH_PATHS = (
					"$(inherited)",
					"@executable_path/../Frameworks",
				);
				MACOSX_DEPLOYMENT_TARGET = 11.0;
				PRODUCT_BUNDLE_IDENTIFIER = com.swordroot.timeschedulertest;
				PRODUCT_NAME = timeschedulertest;
				SDKROOT = macosx;
				SWIFT_VERSION = 5.0;
			};
			name = Debug;
		};
		921A3FB22712E404006F17B3 /* Release */ = {
			isa = XCBuildConfiguration;
			buildSettings = {
				ASSETCATALOG_COMPILER_APPICON_NAME = AppIcon;
				ASSETCATALOG_COMPILER_GLOBAL_ACCENT_COLOR_NAME = AccentColor;
				CODE_SIGN_ENTITLEMENTS = macOS/macOS.entitlements;
				CODE_SIGN_STYLE = Automatic;
				COMBINE_HIDPI_IMAGES = YES;
				ENABLE_PREVIEWS = YES;
				INFOPLIST_FILE = macOS/Info.plist;
				LD_RUNPATH_SEARCH_PATHS = (
					"$(inherited)",
					"@executable_path/../Frameworks",
				);
				MACOSX_DEPLOYMENT_TARGET = 11.0;
				PRODUCT_BUNDLE_IDENTIFIER = com.swordroot.timeschedulertest;
				PRODUCT_NAME = timeschedulertest;
				SDKROOT = macosx;
				SWIFT_VERSION = 5.0;
			};
			name = Release;
		};
		921A3FB42712E404006F17B3 /* Debug */ = {
			isa = XCBuildConfiguration;
			buildSettings = {
				ALWAYS_EMBED_SWIFT_STANDARD_LIBRARIES = YES;
				CODE_SIGN_STYLE = Automatic;
				INFOPLIST_FILE = "Tests iOS/Info.plist";
				IPHONEOS_DEPLOYMENT_TARGET = 14.5;
				LD_RUNPATH_SEARCH_PATHS = (
					"$(inherited)",
					"@executable_path/Frameworks",
					"@loader_path/Frameworks",
				);
				PRODUCT_BUNDLE_IDENTIFIER = "com.swordroot.Tests-iOS";
				PRODUCT_NAME = "$(TARGET_NAME)";
				SDKROOT = iphoneos;
				SWIFT_VERSION = 5.0;
				TARGETED_DEVICE_FAMILY = "1,2";
				TEST_TARGET_NAME = "timeschedulertest (iOS)";
			};
			name = Debug;
		};
		921A3FB52712E404006F17B3 /* Release */ = {
			isa = XCBuildConfiguration;
			buildSettings = {
				ALWAYS_EMBED_SWIFT_STANDARD_LIBRARIES = YES;
				CODE_SIGN_STYLE = Automatic;
				INFOPLIST_FILE = "Tests iOS/Info.plist";
				IPHONEOS_DEPLOYMENT_TARGET = 14.5;
				LD_RUNPATH_SEARCH_PATHS = (
					"$(inherited)",
					"@executable_path/Frameworks",
					"@loader_path/Frameworks",
				);
				PRODUCT_BUNDLE_IDENTIFIER = "com.swordroot.Tests-iOS";
				PRODUCT_NAME = "$(TARGET_NAME)";
				SDKROOT = iphoneos;
				SWIFT_VERSION = 5.0;
				TARGETED_DEVICE_FAMILY = "1,2";
				TEST_TARGET_NAME = "timeschedulertest (iOS)";
				VALIDATE_PRODUCT = YES;
			};
			name = Release;
		};
		921A3FB72712E404006F17B3 /* Debug */ = {
			isa = XCBuildConfiguration;
			buildSettings = {
				ALWAYS_EMBED_SWIFT_STANDARD_LIBRARIES = YES;
				CODE_SIGN_STYLE = Automatic;
				COMBINE_HIDPI_IMAGES = YES;
				INFOPLIST_FILE = "Tests macOS/Info.plist";
				LD_RUNPATH_SEARCH_PATHS = (
					"$(inherited)",
					"@executable_path/../Frameworks",
					"@loader_path/../Frameworks",
				);
				MACOSX_DEPLOYMENT_TARGET = 11.3;
				PRODUCT_BUNDLE_IDENTIFIER = "com.swordroot.Tests-macOS";
				PRODUCT_NAME = "$(TARGET_NAME)";
				SDKROOT = macosx;
				SWIFT_VERSION = 5.0;
				TEST_TARGET_NAME = "timeschedulertest (macOS)";
			};
			name = Debug;
		};
		921A3FB82712E404006F17B3 /* Release */ = {
			isa = XCBuildConfiguration;
			buildSettings = {
				ALWAYS_EMBED_SWIFT_STANDARD_LIBRARIES = YES;
				CODE_SIGN_STYLE = Automatic;
				COMBINE_HIDPI_IMAGES = YES;
				INFOPLIST_FILE = "Tests macOS/Info.plist";
				LD_RUNPATH_SEARCH_PATHS = (
					"$(inherited)",
					"@executable_path/../Frameworks",
					"@loader_path/../Frameworks",
				);
				MACOSX_DEPLOYMENT_TARGET = 11.3;
				PRODUCT_BUNDLE_IDENTIFIER = "com.swordroot.Tests-macOS";
				PRODUCT_NAME = "$(TARGET_NAME)";
				SDKROOT = macosx;
				SWIFT_VERSION = 5.0;
				TEST_TARGET_NAME = "timeschedulertest (macOS)";
			};
			name = Release;
		};
/* End XCBuildConfiguration section */

/* Begin XCConfigurationList section */
		921A3F7A2712E402006F17B3 /* Build configuration list for PBXProject "timeschedulertest" */ = {
			isa = XCConfigurationList;
			buildConfigurations = (
				921A3FAB2712E404006F17B3 /* Debug */,
				921A3FAC2712E404006F17B3 /* Release */,
			);
			defaultConfigurationIsVisible = 0;
			defaultConfigurationName = Release;
		};
		921A3FAD2712E404006F17B3 /* Build configuration list for PBXNativeTarget "timeschedulertest (iOS)" */ = {
			isa = XCConfigurationList;
			buildConfigurations = (
				921A3FAE2712E404006F17B3 /* Debug */,
				921A3FAF2712E404006F17B3 /* Release */,
			);
			defaultConfigurationIsVisible = 0;
			defaultConfigurationName = Release;
		};
		921A3FB02712E404006F17B3 /* Build configuration list for PBXNativeTarget "timeschedulertest (macOS)" */ = {
			isa = XCConfigurationList;
			buildConfigurations = (
				921A3FB12712E404006F17B3 /* Debug */,
				921A3FB22712E404006F17B3 /* Release */,
			);
			defaultConfigurationIsVisible = 0;
			defaultConfigurationName = Release;
		};
		921A3FB32712E404006F17B3 /* Build configuration list for PBXNativeTarget "Tests iOS" */ = {
			isa = XCConfigurationList;
			buildConfigurations = (
				921A3FB42712E404006F17B3 /* Debug */,
				921A3FB52712E404006F17B3 /* Release */,
			);
			defaultConfigurationIsVisible = 0;
			defaultConfigurationName = Release;
		};
		921A3FB62712E404006F17B3 /* Build configuration list for PBXNativeTarget "Tests macOS" */ = {
			isa = XCConfigurationList;
			buildConfigurations = (
				921A3FB72712E404006F17B3 /* Debug */,
				921A3FB82712E404006F17B3 /* Release */,
			);
			defaultConfigurationIsVisible = 0;
			defaultConfigurationName = Release;
		};
/* End XCConfigurationList section */
	};
	rootObject = 921A3F772712E402006F17B3 /* Project object */;
}
